<Solution>
  <Project Path="SuperHero.API/SuperHero.API.csproj" Id="cbf45895-398d-4b74-be16-e45f513626d7" />
  <Project Path="SuperHero.Application/SuperHero.Application.csproj" Id="7826b898-bf9d-4db6-8c11-0e66c23ace92" />
  <Project Path="SuperHero.Domain/SuperHero.Domain.csproj" Id="64dc0982-70ff-48e9-bf64-1affe3884122" />
  <Project Path="SuperHero.Infrastructure/SuperHero.Infrastructure.csproj" Id="ada94397-5973-451f-84d7-11014add4044" />
  <Project Path="SuperHero.UI/SuperHero.UI.csproj" Id="d3f8b3f0-b3d0-42e0-8b82-4346e511d52e" />
</Solution>
